PODS:
  - Sentry (7.22.0):
    - Sentry/Core (= 7.22.0)
  - Sentry/Core (7.22.0)

DEPENDENCIES:
  - Sentry (from `https://github.com/getsentry/sentry-cocoa.git`, tag `7.22.0`)

EXTERNAL SOURCES:
  Sentry:
    :git: https://github.com/getsentry/sentry-cocoa.git
    :tag: 7.22.0

CHECKOUT OPTIONS:
  Sentry:
    :git: https://github.com/getsentry/sentry-cocoa.git
    :tag: 7.22.0

SPEC CHECKSUMS:
  Sentry: 30b51086ca9aac23337880152e95538f7e177f7f

PODFILE CHECKSUM: af3667727c378a0e481f957963fe686b1bdefc55

COCOAPODS: 1.10.1
