PODS:
  - Sentry (7.31.4):
    - Sentry/Core (= 7.31.4)
  - Sentry/Core (7.31.4)

DEPENDENCIES:
  - Sentry (from `https://github.com/getsentry/sentry-cocoa.git`, tag `7.31.4`)

EXTERNAL SOURCES:
  Sentry:
    :git: https://github.com/getsentry/sentry-cocoa.git
    :tag: 7.31.4

CHECKOUT OPTIONS:
  Sentry:
    :git: https://github.com/getsentry/sentry-cocoa.git
    :tag: 7.31.4

SPEC CHECKSUMS:
  Sentry: d9567fc53799651f79593c69054c58d436930213

PODFILE CHECKSUM: f28bd70c857ca9826f23fa52c9ec2fc2eff44e71

COCOAPODS: 1.12.0
