PODS:
  - Sentry (8.3.3):
    - Sentry/Core (= 8.3.3)
    - SentryPrivate (= 8.3.3)
  - Sentry/Core (8.3.3):
    - SentryPrivate (= 8.3.3)
  - SentryPrivate (8.3.3)

DEPENDENCIES:
  - Sentry (from `https://github.com/getsentry/sentry-cocoa.git`, tag `8.3.3`)

SPEC REPOS:
  trunk:
    - SentryPrivate

EXTERNAL SOURCES:
  Sentry:
    :git: https://github.com/getsentry/sentry-cocoa.git
    :tag: 8.3.3

CHECKOUT OPTIONS:
  Sentry:
    :git: https://github.com/getsentry/sentry-cocoa.git
    :tag: 8.3.3

SPEC CHECKSUMS:
  Sentry: 8ffc397d98fe58d693e73959b26ed0eaee55646a
  SentryPrivate: bf776a47a131648f5023097215987b40fbd47025

PODFILE CHECKSUM: 909118885f1210ac516b9e15deb52a372230da94

COCOAPODS: 1.12.0
