{
  "originHash" : "1dd89c8a152f6701b8b05e6cd308cb57883a4a65f076997ad1a2d0c3fb9f8c0f",
  "pins" : [
    {
      "identity" : "bigint",
      "kind" : "remoteSourceControl",
      "location" : "https://github.com/attaswift/BigInt",
      "state" : {
        "revision" : "793a7fac0bfc318e85994bf6900652e827aef33e",
        "version" : "5.4.1"
      }
    },
    {
      "identity" : "sentry-cocoa",
      "kind" : "remoteSourceControl",
      "location" : "https://github.com/getsentry/sentry-cocoa",
      "state" : {
        "revision" : "2c70925b98238b7efacde11d30075328c3cb6a2a",
        "version" : "8.55.1"
      }
    },
    {
      "identity" : "swiftmessages",
      "kind" : "remoteSourceControl",
      "location" : "https://github.com/SwiftKickMobile/SwiftMessages",
      "state" : {
        "revision" : "c544df6ce316422b9d65a571f932e800213dd09c",
        "version" : "10.0.1"
      }
    }
  ],
  "version" : 3
}
