{
  "originHash" : "e97ad0b335e10856b6b2b6fe2bb38d92fa89d25dac53e5995959036b69e7624b",
  "pins" : [
    {
      "identity" : "bigint",
      "kind" : "remoteSourceControl",
      "location" : "https://github.com/attaswift/BigInt",
      "state" : {
        "revision" : "0ed110f7555c34ff468e72e1686e59721f2b0da6",
        "version" : "5.3.0"
      }
    },
    {
      "identity" : "sentry-cocoa",
      "kind" : "remoteSourceControl",
      "location" : "https://github.com/getsentry/sentry-cocoa",
      "state" : {
        "revision" : "f8d9bc344a052a26f51c8cecec93724b871ef36b",
        "version" : "8.33.0"
      }
    }
  ],
  "version" : 3
}
