{
  "pins" : [
    {
      "identity" : "bigint",
      "kind" : "remoteSourceControl",
      "location" : "https://github.com/attaswift/BigInt",
      "state" : {
        "revision" : "0ed110f7555c34ff468e72e1686e59721f2b0da6",
        "version" : "5.3.0"
      }
    },
    {
      "identity" : "jgprogresshud",
      "kind" : "remoteSourceControl",
      "location" : "https://github.com/JonasGessner/JGProgressHUD",
      "state" : {
        "revision" : "78d7cd35f1d90ff74fd82e486f2cbe4b24be8cf9",
        "version" : "2.2.0"
      }
    },
    {
      "identity" : "swiftmessages",
      "kind" : "remoteSourceControl",
      "location" : "https://github.com/SwiftKickMobile/SwiftMessages",
      "state" : {
        "revision" : "c2bcb351434ae044a486803ad1751b0e10f0d4e1",
        "version" : "9.0.8"
      }
    }
  ],
  "version" : 2
}
