// !$*UTF8*$!
{
	archiveVersion = 1;
	classes = {
	};
	objectVersion = 54;
	objects = {

/* Begin PBXBuildFile section */
		674899180B469D888700A555 /* Pods_EmpowerPlant.framework in Frameworks */ = {isa = PBXBuildFile; fileRef = 74014747DE857D26E9BD7B24 /* Pods_EmpowerPlant.framework */; };
		846BEA1C2ABE611A0032F77F /* mobydick.txt in Resources */ = {isa = PBXBuildFile; fileRef = 846BEA1B2ABE611A0032F77F /* mobydick.txt */; };
		843BD6272AD7798C00B0098F /* jwt-deep-field.png in Resources */ = {isa = PBXBuildFile; fileRef = 843BD6262AD7798C00B0098F /* jwt-deep-field.png */; };
		843BD60F2AD08CE900B0098F /* Utils.swift in Sources */ = {isa = PBXBuildFile; fileRef = 843BD60E2AD08CE900B0098F /* Utils.swift */; };
		8B21663C29D3F8C80009C890 /* RandomErrors.swift in Sources */ = {isa = PBXBuildFile; fileRef = 8B21663B29D3F8C80009C890 /* RandomErrors.swift */; };
		8BA3AB382A20212C00BE1EA8 /* CartViewControllerTests.swift in Sources */ = {isa = PBXBuildFile; fileRef = 8BA3AB372A20212C00BE1EA8 /* CartViewControllerTests.swift */; };
		D15EDF12282BF7FB00FC13D6 /* Product+CoreDataProperties.swift in Sources */ = {isa = PBXBuildFile; fileRef = D15EDF11282BF7FB00FC13D6 /* Product+CoreDataProperties.swift */; };
		D15EDF14282BF80400FC13D6 /* Product+CoreDataClass.swift in Sources */ = {isa = PBXBuildFile; fileRef = D15EDF13282BF80400FC13D6 /* Product+CoreDataClass.swift */; };
		D15FCDA927E00F0D00258BF3 /* Model.xcdatamodeld in Sources */ = {isa = PBXBuildFile; fileRef = D15FCDA727E00F0D00258BF3 /* Model.xcdatamodeld */; };
		D17C73B327D8291D006650AF /* AppDelegate.swift in Sources */ = {isa = PBXBuildFile; fileRef = D17C73B227D8291D006650AF /* AppDelegate.swift */; };
		D17C73B527D8291D006650AF /* SceneDelegate.swift in Sources */ = {isa = PBXBuildFile; fileRef = D17C73B427D8291D006650AF /* SceneDelegate.swift */; };
		D17C73BA27D8291D006650AF /* Main.storyboard in Resources */ = {isa = PBXBuildFile; fileRef = D17C73B827D8291D006650AF /* Main.storyboard */; };
		D17C73BC27D8291D006650AF /* Assets.xcassets in Resources */ = {isa = PBXBuildFile; fileRef = D17C73BB27D8291D006650AF /* Assets.xcassets */; };
		D17C73BF27D8291D006650AF /* LaunchScreen.storyboard in Resources */ = {isa = PBXBuildFile; fileRef = D17C73BD27D8291D006650AF /* LaunchScreen.storyboard */; };
		D17C73CC27D82EB8006650AF /* EmpowerPlantViewController.swift in Sources */ = {isa = PBXBuildFile; fileRef = D17C73CB27D82EB8006650AF /* EmpowerPlantViewController.swift */; };
		D17C73CF27D82ED1006650AF /* CartViewController.swift in Sources */ = {isa = PBXBuildFile; fileRef = D17C73CE27D82ED1006650AF /* CartViewController.swift */; };
		D17C73D227D83321006650AF /* ListAppViewController.swift in Sources */ = {isa = PBXBuildFile; fileRef = D17C73D127D83321006650AF /* ListAppViewController.swift */; };
		D19EBE6F2805ED52007022DC /* ShoppingCart.swift in Sources */ = {isa = PBXBuildFile; fileRef = D19EBE6E2805ED52007022DC /* ShoppingCart.swift */; };
/* End PBXBuildFile section */

/* Begin PBXContainerItemProxy section */
		8BA3AB302A201FE900BE1EA8 /* PBXContainerItemProxy */ = {
			isa = PBXContainerItemProxy;
			containerPortal = D17C73A727D8291D006650AF /* Project object */;
			proxyType = 1;
			remoteGlobalIDString = D17C73AE27D8291D006650AF;
			remoteInfo = EmpowerPlant;
		};
/* End PBXContainerItemProxy section */

/* Begin PBXFileReference section */
		57BE79023D12DCDCB69BA73D /* Pods-EmpowerPlant.release.xcconfig */ = {isa = PBXFileReference; includeInIndex = 1; lastKnownFileType = text.xcconfig; name = "Pods-EmpowerPlant.release.xcconfig"; path = "Target Support Files/Pods-EmpowerPlant/Pods-EmpowerPlant.release.xcconfig"; sourceTree = "<group>"; };
		74014747DE857D26E9BD7B24 /* Pods_EmpowerPlant.framework */ = {isa = PBXFileReference; explicitFileType = wrapper.framework; includeInIndex = 0; path = Pods_EmpowerPlant.framework; sourceTree = BUILT_PRODUCTS_DIR; };
		843BD60E2AD08CE900B0098F /* Utils.swift */ = {isa = PBXFileReference; lastKnownFileType = sourcecode.swift; path = Utils.swift; sourceTree = "<group>"; };
		843BD6262AD7798C00B0098F /* jwt-deep-field.png */ = {isa = PBXFileReference; lastKnownFileType = image.png; path = "jwt-deep-field.png"; sourceTree = "<group>"; };
		846BEA1A2ABE46880032F77F /* upload-symbols.sh */ = {isa = PBXFileReference; lastKnownFileType = text.script.sh; path = "upload-symbols.sh"; sourceTree = "<group>"; };
		8474F0482ACCE2D800F21E06 /* deploy_project.sh */ = {isa = PBXFileReference; lastKnownFileType = text.script.sh; path = deploy_project.sh; sourceTree = "<group>"; };
		846BEA1B2ABE611A0032F77F /* mobydick.txt */ = {isa = PBXFileReference; lastKnownFileType = text; path = mobydick.txt; sourceTree = "<group>"; };
		8474F04D2ACE54F300F21E06 /* .github */ = {isa = PBXFileReference; lastKnownFileType = folder; path = .github; sourceTree = "<group>"; };
		84A264182AA9155800A62A88 /* Makefile */ = {isa = PBXFileReference; lastKnownFileType = sourcecode.make; path = Makefile; sourceTree = "<group>"; };
		84A264192AA915B100A62A88 /* Brewfile */ = {isa = PBXFileReference; lastKnownFileType = text; path = Brewfile; sourceTree = "<group>"; };
		84A2641A2AA915B100A62A88 /* Gemfile */ = {isa = PBXFileReference; lastKnownFileType = text; path = Gemfile; sourceTree = "<group>"; };
		84A2641B2AA915D800A62A88 /* README.md */ = {isa = PBXFileReference; lastKnownFileType = net.daringfireball.markdown; path = README.md; sourceTree = "<group>"; };
		84A2641C2AA9165A00A62A88 /* EmpowerPlant.app */ = {isa = PBXFileReference; explicitFileType = wrapper.application; includeInIndex = 0; path = EmpowerPlant.app; sourceTree = BUILT_PRODUCTS_DIR; };
		84A2641D2AA9165A00A62A88 /* EmpowerPlantTests.xctest */ = {isa = PBXFileReference; explicitFileType = wrapper.cfbundle; includeInIndex = 0; path = EmpowerPlantTests.xctest; sourceTree = BUILT_PRODUCTS_DIR; };
		84A2641E2AA926A300A62A88 /* .env */ = {isa = PBXFileReference; lastKnownFileType = text; path = .env; sourceTree = "<group>"; };
		8B21663B29D3F8C80009C890 /* RandomErrors.swift */ = {isa = PBXFileReference; fileEncoding = 4; lastKnownFileType = sourcecode.swift; path = RandomErrors.swift; sourceTree = "<group>"; };
		8BA3AB372A20212C00BE1EA8 /* CartViewControllerTests.swift */ = {isa = PBXFileReference; lastKnownFileType = sourcecode.swift; path = CartViewControllerTests.swift; sourceTree = "<group>"; };
		CC58FA1A8A084A40FC763820 /* Pods-EmpowerPlant.debug.xcconfig */ = {isa = PBXFileReference; includeInIndex = 1; lastKnownFileType = text.xcconfig; name = "Pods-EmpowerPlant.debug.xcconfig"; path = "Target Support Files/Pods-EmpowerPlant/Pods-EmpowerPlant.debug.xcconfig"; sourceTree = "<group>"; };
		D15EDF11282BF7FB00FC13D6 /* Product+CoreDataProperties.swift */ = {isa = PBXFileReference; fileEncoding = 4; lastKnownFileType = sourcecode.swift; path = "Product+CoreDataProperties.swift"; sourceTree = "<group>"; };
		D15EDF13282BF80400FC13D6 /* Product+CoreDataClass.swift */ = {isa = PBXFileReference; fileEncoding = 4; lastKnownFileType = sourcecode.swift; path = "Product+CoreDataClass.swift"; sourceTree = "<group>"; };
		D15FCDA827E00F0D00258BF3 /* Model.xcdatamodel */ = {isa = PBXFileReference; lastKnownFileType = wrapper.xcdatamodel; path = Model.xcdatamodel; sourceTree = "<group>"; };
		D17C73B227D8291D006650AF /* AppDelegate.swift */ = {isa = PBXFileReference; lastKnownFileType = sourcecode.swift; path = AppDelegate.swift; sourceTree = "<group>"; };
		D17C73B427D8291D006650AF /* SceneDelegate.swift */ = {isa = PBXFileReference; lastKnownFileType = sourcecode.swift; path = SceneDelegate.swift; sourceTree = "<group>"; };
		D17C73B927D8291D006650AF /* Base */ = {isa = PBXFileReference; lastKnownFileType = file.storyboard; name = Base; path = Base.lproj/Main.storyboard; sourceTree = "<group>"; };
		D17C73BB27D8291D006650AF /* Assets.xcassets */ = {isa = PBXFileReference; lastKnownFileType = folder.assetcatalog; path = Assets.xcassets; sourceTree = "<group>"; };
		D17C73BE27D8291D006650AF /* Base */ = {isa = PBXFileReference; lastKnownFileType = file.storyboard; name = Base; path = Base.lproj/LaunchScreen.storyboard; sourceTree = "<group>"; };
		D17C73C027D8291D006650AF /* Info.plist */ = {isa = PBXFileReference; lastKnownFileType = text.plist.xml; path = Info.plist; sourceTree = "<group>"; };
		D17C73CB27D82EB8006650AF /* EmpowerPlantViewController.swift */ = {isa = PBXFileReference; lastKnownFileType = sourcecode.swift; path = EmpowerPlantViewController.swift; sourceTree = "<group>"; };
		D17C73CE27D82ED1006650AF /* CartViewController.swift */ = {isa = PBXFileReference; lastKnownFileType = sourcecode.swift; path = CartViewController.swift; sourceTree = "<group>"; };
		D17C73D127D83321006650AF /* ListAppViewController.swift */ = {isa = PBXFileReference; lastKnownFileType = sourcecode.swift; path = ListAppViewController.swift; sourceTree = "<group>"; };
		D19EBE6E2805ED52007022DC /* ShoppingCart.swift */ = {isa = PBXFileReference; lastKnownFileType = sourcecode.swift; path = ShoppingCart.swift; sourceTree = "<group>"; };
/* End PBXFileReference section */

/* Begin PBXFrameworksBuildPhase section */
		8BA3AB292A201FE900BE1EA8 /* Frameworks */ = {
			isa = PBXFrameworksBuildPhase;
			buildActionMask = 2147483647;
			files = (
			);
			runOnlyForDeploymentPostprocessing = 0;
		};
		D17C73AC27D8291D006650AF /* Frameworks */ = {
			isa = PBXFrameworksBuildPhase;
			buildActionMask = 2147483647;
			files = (
				674899180B469D888700A555 /* Pods_EmpowerPlant.framework in Frameworks */,
			);
			runOnlyForDeploymentPostprocessing = 0;
		};
/* End PBXFrameworksBuildPhase section */

/* Begin PBXGroup section */
		8BA3AB2D2A201FE900BE1EA8 /* EmpowerPlantTests */ = {
			isa = PBXGroup;
			children = (
				8BA3AB372A20212C00BE1EA8 /* CartViewControllerTests.swift */,
			);
			path = EmpowerPlantTests;
			sourceTree = "<group>";
		};
		A2BF5384A6D041CDB3FCA8D9 /* Frameworks */ = {
			isa = PBXGroup;
			children = (
				74014747DE857D26E9BD7B24 /* Pods_EmpowerPlant.framework */,
			);
			name = Frameworks;
			sourceTree = "<group>";
		};
		D17C73A627D8291D006650AF = {
			isa = PBXGroup;
			children = (
				8474F04D2ACE54F300F21E06 /* .github */,
				8474F0482ACCE2D800F21E06 /* deploy_project.sh */,
				84A2641E2AA926A300A62A88 /* .env */,
				846BEA1A2ABE46880032F77F /* upload-symbols.sh */,
				84A264192AA915B100A62A88 /* Brewfile */,
				84A2641A2AA915B100A62A88 /* Gemfile */,
				84A264182AA9155800A62A88 /* Makefile */,
				84A2641B2AA915D800A62A88 /* README.md */,
				D17C73B127D8291D006650AF /* EmpowerPlant */,
				8BA3AB2D2A201FE900BE1EA8 /* EmpowerPlantTests */,
				A2BF5384A6D041CDB3FCA8D9 /* Frameworks */,
				DBBFE14A41453664EF0F8F57 /* Pods */,
				84A2641C2AA9165A00A62A88 /* EmpowerPlant.app */,
				84A2641D2AA9165A00A62A88 /* EmpowerPlantTests.xctest */,
			);
			sourceTree = "<group>";
		};
		D17C73B127D8291D006650AF /* EmpowerPlant */ = {
			isa = PBXGroup;
			children = (
				8B21663B29D3F8C80009C890 /* RandomErrors.swift */,
				D17C73B227D8291D006650AF /* AppDelegate.swift */,
				D17C73B427D8291D006650AF /* SceneDelegate.swift */,
				D17C73B827D8291D006650AF /* Main.storyboard */,
				D15EDF13282BF80400FC13D6 /* Product+CoreDataClass.swift */,
				D15EDF11282BF7FB00FC13D6 /* Product+CoreDataProperties.swift */,
				D17C73D127D83321006650AF /* ListAppViewController.swift */,
				843BD60E2AD08CE900B0098F /* Utils.swift */,
				D15FCDA727E00F0D00258BF3 /* Model.xcdatamodeld */,
				D17C73CB27D82EB8006650AF /* EmpowerPlantViewController.swift */,
				846BEA1B2ABE611A0032F77F /* mobydick.txt */,
				D19EBE6E2805ED52007022DC /* ShoppingCart.swift */,
				D17C73CE27D82ED1006650AF /* CartViewController.swift */,
				D17C73BB27D8291D006650AF /* Assets.xcassets */,
				D17C73BD27D8291D006650AF /* LaunchScreen.storyboard */,
				D17C73C027D8291D006650AF /* Info.plist */,
				843BD6262AD7798C00B0098F /* jwt-deep-field.png */,
			);
			path = EmpowerPlant;
			sourceTree = "<group>";
		};
		DBBFE14A41453664EF0F8F57 /* Pods */ = {
			isa = PBXGroup;
			children = (
				CC58FA1A8A084A40FC763820 /* Pods-EmpowerPlant.debug.xcconfig */,
				57BE79023D12DCDCB69BA73D /* Pods-EmpowerPlant.release.xcconfig */,
			);
			path = Pods;
			sourceTree = "<group>";
		};
/* End PBXGroup section */

/* Begin PBXNativeTarget section */
		8BA3AB2B2A201FE900BE1EA8 /* EmpowerPlantTests */ = {
			isa = PBXNativeTarget;
			buildConfigurationList = 8BA3AB342A201FE900BE1EA8 /* Build configuration list for PBXNativeTarget "EmpowerPlantTests" */;
			buildPhases = (
				8BA3AB282A201FE900BE1EA8 /* Sources */,
				8BA3AB292A201FE900BE1EA8 /* Frameworks */,
				8BA3AB2A2A201FE900BE1EA8 /* Resources */,
			);
			buildRules = (
			);
			dependencies = (
				8BA3AB312A201FE900BE1EA8 /* PBXTargetDependency */,
			);
			name = EmpowerPlantTests;
			productName = EmpowerPlantTests;
			productReference = 84A2641D2AA9165A00A62A88 /* EmpowerPlantTests.xctest */;
			productType = "com.apple.product-type.bundle.unit-test";
		};
		D17C73AE27D8291D006650AF /* EmpowerPlant */ = {
			isa = PBXNativeTarget;
			buildConfigurationList = D17C73C327D8291D006650AF /* Build configuration list for PBXNativeTarget "EmpowerPlant" */;
			buildPhases = (
				C23F49D22CAB6B4570AD18F4 /* [CP] Check Pods Manifest.lock */,
				D17C73AB27D8291D006650AF /* Sources */,
				D17C73AC27D8291D006650AF /* Frameworks */,
				D17C73AD27D8291D006650AF /* Resources */,
				64CD5DF2D474DFE9B615DAE0 /* [CP] Embed Pods Frameworks */,
				21715E6128A2D59700248175 /* [Sentry] Upload debug symbols */,
			);
			buildRules = (
			);
			dependencies = (
			);
			name = EmpowerPlant;
			productName = EmpowerPlant;
			productReference = 84A2641C2AA9165A00A62A88 /* EmpowerPlant.app */;
			productType = "com.apple.product-type.application";
		};
/* End PBXNativeTarget section */

/* Begin PBXProject section */
		D17C73A727D8291D006650AF /* Project object */ = {
			isa = PBXProject;
			attributes = {
				LastSwiftUpdateCheck = 1430;
				LastUpgradeCheck = 1240;
				TargetAttributes = {
					8BA3AB2B2A201FE900BE1EA8 = {
						CreatedOnToolsVersion = 14.3;
						TestTargetID = D17C73AE27D8291D006650AF;
					};
					D17C73AE27D8291D006650AF = {
						CreatedOnToolsVersion = 12.4;
					};
				};
			};
			buildConfigurationList = D17C73AA27D8291D006650AF /* Build configuration list for PBXProject "EmpowerPlant" */;
			compatibilityVersion = "Xcode 9.3";
			developmentRegion = en;
			hasScannedForEncodings = 0;
			knownRegions = (
				en,
				Base,
			);
			mainGroup = D17C73A627D8291D006650AF;
			productRefGroup = D17C73A627D8291D006650AF;
			projectDirPath = "";
			projectRoot = "";
			targets = (
				D17C73AE27D8291D006650AF /* EmpowerPlant */,
				8BA3AB2B2A201FE900BE1EA8 /* EmpowerPlantTests */,
			);
		};
/* End PBXProject section */

/* Begin PBXResourcesBuildPhase section */
		8BA3AB2A2A201FE900BE1EA8 /* Resources */ = {
			isa = PBXResourcesBuildPhase;
			buildActionMask = 2147483647;
			files = (
			);
			runOnlyForDeploymentPostprocessing = 0;
		};
		D17C73AD27D8291D006650AF /* Resources */ = {
			isa = PBXResourcesBuildPhase;
			buildActionMask = 2147483647;
			files = (
				846BEA1C2ABE611A0032F77F /* mobydick.txt in Resources */,
				D17C73BF27D8291D006650AF /* LaunchScreen.storyboard in Resources */,
				D17C73BC27D8291D006650AF /* Assets.xcassets in Resources */,
				843BD6272AD7798C00B0098F /* jwt-deep-field.png in Resources */,
				D17C73BA27D8291D006650AF /* Main.storyboard in Resources */,
			);
			runOnlyForDeploymentPostprocessing = 0;
		};
/* End PBXResourcesBuildPhase section */

/* Begin PBXShellScriptBuildPhase section */
		21715E6128A2D59700248175 /* [Sentry] Upload debug symbols */ = {
			isa = PBXShellScriptBuildPhase;
			alwaysOutOfDate = 1;
			buildActionMask = 2147483647;
			files = (
			);
			inputFileListPaths = (
			);
			inputPaths = (
				"${DWARF_DSYM_FOLDER_PATH}/${DWARF_DSYM_FILE_NAME}/Contents/Resources/DWARF/${TARGET_NAME}",
			);
			name = "[Sentry] Upload debug symbols";
			outputFileListPaths = (
			);
			outputPaths = (
			);
			runOnlyForDeploymentPostprocessing = 0;
			shellPath = /bin/sh;
			shellScript = "./upload-symbols.sh\n";
		};
		64CD5DF2D474DFE9B615DAE0 /* [CP] Embed Pods Frameworks */ = {
			isa = PBXShellScriptBuildPhase;
			buildActionMask = 2147483647;
			files = (
			);
			inputFileListPaths = (
				"${PODS_ROOT}/Target Support Files/Pods-EmpowerPlant/Pods-EmpowerPlant-frameworks-${CONFIGURATION}-input-files.xcfilelist",
			);
			name = "[CP] Embed Pods Frameworks";
			outputFileListPaths = (
				"${PODS_ROOT}/Target Support Files/Pods-EmpowerPlant/Pods-EmpowerPlant-frameworks-${CONFIGURATION}-output-files.xcfilelist",
			);
			runOnlyForDeploymentPostprocessing = 0;
			shellPath = /bin/sh;
			shellScript = "\"${PODS_ROOT}/Target Support Files/Pods-EmpowerPlant/Pods-EmpowerPlant-frameworks.sh\"\n";
			showEnvVarsInLog = 0;
		};
		C23F49D22CAB6B4570AD18F4 /* [CP] Check Pods Manifest.lock */ = {
			isa = PBXShellScriptBuildPhase;
			buildActionMask = 2147483647;
			files = (
			);
			inputFileListPaths = (
			);
			inputPaths = (
				"${PODS_PODFILE_DIR_PATH}/Podfile.lock",
				"${PODS_ROOT}/Manifest.lock",
			);
			name = "[CP] Check Pods Manifest.lock";
			outputFileListPaths = (
			);
			outputPaths = (
				"$(DERIVED_FILE_DIR)/Pods-EmpowerPlant-checkManifestLockResult.txt",
			);
			runOnlyForDeploymentPostprocessing = 0;
			shellPath = /bin/sh;
			shellScript = "diff \"${PODS_PODFILE_DIR_PATH}/Podfile.lock\" \"${PODS_ROOT}/Manifest.lock\" > /dev/null\nif [ $? != 0 ] ; then\n    # print error to STDERR\n    echo \"error: The sandbox is not in sync with the Podfile.lock. Run 'pod install' or update your CocoaPods installation.\" >&2\n    exit 1\nfi\n# This output is used by Xcode 'outputs' to avoid re-running this script phase.\necho \"SUCCESS\" > \"${SCRIPT_OUTPUT_FILE_0}\"\n";
			showEnvVarsInLog = 0;
		};
/* End PBXShellScriptBuildPhase section */

/* Begin PBXSourcesBuildPhase section */
		8BA3AB282A201FE900BE1EA8 /* Sources */ = {
			isa = PBXSourcesBuildPhase;
			buildActionMask = 2147483647;
			files = (
				8BA3AB382A20212C00BE1EA8 /* CartViewControllerTests.swift in Sources */,
			);
			runOnlyForDeploymentPostprocessing = 0;
		};
		D17C73AB27D8291D006650AF /* Sources */ = {
			isa = PBXSourcesBuildPhase;
			buildActionMask = 2147483647;
			files = (
				D17C73CC27D82EB8006650AF /* EmpowerPlantViewController.swift in Sources */,
				D17C73D227D83321006650AF /* ListAppViewController.swift in Sources */,
				D15EDF14282BF80400FC13D6 /* Product+CoreDataClass.swift in Sources */,
				D15FCDA927E00F0D00258BF3 /* Model.xcdatamodeld in Sources */,
				D17C73CF27D82ED1006650AF /* CartViewController.swift in Sources */,
				8B21663C29D3F8C80009C890 /* RandomErrors.swift in Sources */,
				D19EBE6F2805ED52007022DC /* ShoppingCart.swift in Sources */,
				843BD60F2AD08CE900B0098F /* Utils.swift in Sources */,
				D17C73B327D8291D006650AF /* AppDelegate.swift in Sources */,
				D17C73B527D8291D006650AF /* SceneDelegate.swift in Sources */,
				D15EDF12282BF7FB00FC13D6 /* Product+CoreDataProperties.swift in Sources */,
			);
			runOnlyForDeploymentPostprocessing = 0;
		};
/* End PBXSourcesBuildPhase section */

/* Begin PBXTargetDependency section */
		8BA3AB312A201FE900BE1EA8 /* PBXTargetDependency */ = {
			isa = PBXTargetDependency;
			target = D17C73AE27D8291D006650AF /* EmpowerPlant */;
			targetProxy = 8BA3AB302A201FE900BE1EA8 /* PBXContainerItemProxy */;
		};
/* End PBXTargetDependency section */

/* Begin PBXVariantGroup section */
		D17C73B827D8291D006650AF /* Main.storyboard */ = {
			isa = PBXVariantGroup;
			children = (
				D17C73B927D8291D006650AF /* Base */,
			);
			name = Main.storyboard;
			sourceTree = "<group>";
		};
		D17C73BD27D8291D006650AF /* LaunchScreen.storyboard */ = {
			isa = PBXVariantGroup;
			children = (
				D17C73BE27D8291D006650AF /* Base */,
			);
			name = LaunchScreen.storyboard;
			sourceTree = "<group>";
		};
/* End PBXVariantGroup section */

/* Begin XCBuildConfiguration section */
		8BA3AB322A201FE900BE1EA8 /* Debug */ = {
			isa = XCBuildConfiguration;
			buildSettings = {
				BUNDLE_LOADER = "$(TEST_HOST)";
				CLANG_CXX_LANGUAGE_STANDARD = "gnu++20";
				CODE_SIGN_STYLE = Automatic;
				CURRENT_PROJECT_VERSION = 1;
				DEBUG_INFORMATION_FORMAT = dwarf;
				GENERATE_INFOPLIST_FILE = YES;
				IPHONEOS_DEPLOYMENT_TARGET = 16.4;
				MARKETING_VERSION = 1.0;
				PRODUCT_BUNDLE_IDENTIFIER = sentrydemos.ios.EmpowerPlantTests;
				PRODUCT_NAME = "$(TARGET_NAME)";
				SWIFT_EMIT_LOC_STRINGS = NO;
				SWIFT_VERSION = 5.0;
				TARGETED_DEVICE_FAMILY = "1,2";
				TEST_HOST = "$(BUILT_PRODUCTS_DIR)/EmpowerPlant.app/$(BUNDLE_EXECUTABLE_FOLDER_PATH)/EmpowerPlant";
			};
			name = Debug;
		};
		8BA3AB332A201FE900BE1EA8 /* Release */ = {
			isa = XCBuildConfiguration;
			buildSettings = {
				BUNDLE_LOADER = "$(TEST_HOST)";
				CLANG_CXX_LANGUAGE_STANDARD = "gnu++20";
				CODE_SIGN_STYLE = Automatic;
				CURRENT_PROJECT_VERSION = 1;
				GENERATE_INFOPLIST_FILE = YES;
				IPHONEOS_DEPLOYMENT_TARGET = 16.4;
				MARKETING_VERSION = 1.0;
				PRODUCT_BUNDLE_IDENTIFIER = sentrydemos.ios.EmpowerPlantTests;
				PRODUCT_NAME = "$(TARGET_NAME)";
				SWIFT_EMIT_LOC_STRINGS = NO;
				SWIFT_VERSION = 5.0;
				TARGETED_DEVICE_FAMILY = "1,2";
				TEST_HOST = "$(BUILT_PRODUCTS_DIR)/EmpowerPlant.app/$(BUNDLE_EXECUTABLE_FOLDER_PATH)/EmpowerPlant";
			};
			name = Release;
		};
		D17C73C127D8291D006650AF /* Debug */ = {
			isa = XCBuildConfiguration;
			buildSettings = {
				ALWAYS_SEARCH_USER_PATHS = NO;
				CLANG_ANALYZER_NONNULL = YES;
				CLANG_ANALYZER_NUMBER_OBJECT_CONVERSION = YES_AGGRESSIVE;
				CLANG_CXX_LANGUAGE_STANDARD = "gnu++14";
				CLANG_CXX_LIBRARY = "libc++";
				CLANG_ENABLE_MODULES = YES;
				CLANG_ENABLE_OBJC_ARC = YES;
				CLANG_ENABLE_OBJC_WEAK = YES;
				CLANG_WARN_BLOCK_CAPTURE_AUTORELEASING = YES;
				CLANG_WARN_BOOL_CONVERSION = YES;
				CLANG_WARN_COMMA = YES;
				CLANG_WARN_CONSTANT_CONVERSION = YES;
				CLANG_WARN_DEPRECATED_OBJC_IMPLEMENTATIONS = YES;
				CLANG_WARN_DIRECT_OBJC_ISA_USAGE = YES_ERROR;
				CLANG_WARN_DOCUMENTATION_COMMENTS = YES;
				CLANG_WARN_EMPTY_BODY = YES;
				CLANG_WARN_ENUM_CONVERSION = YES;
				CLANG_WARN_INFINITE_RECURSION = YES;
				CLANG_WARN_INT_CONVERSION = YES;
				CLANG_WARN_NON_LITERAL_NULL_CONVERSION = YES;
				CLANG_WARN_OBJC_IMPLICIT_RETAIN_SELF = YES;
				CLANG_WARN_OBJC_LITERAL_CONVERSION = YES;
				CLANG_WARN_OBJC_ROOT_CLASS = YES_ERROR;
				CLANG_WARN_QUOTED_INCLUDE_IN_FRAMEWORK_HEADER = YES;
				CLANG_WARN_RANGE_LOOP_ANALYSIS = YES;
				CLANG_WARN_STRICT_PROTOTYPES = YES;
				CLANG_WARN_SUSPICIOUS_MOVE = YES;
				CLANG_WARN_UNGUARDED_AVAILABILITY = YES_AGGRESSIVE;
				CLANG_WARN_UNREACHABLE_CODE = YES;
				CLANG_WARN__DUPLICATE_METHOD_MATCH = YES;
				COPY_PHASE_STRIP = NO;
				DEBUG_INFORMATION_FORMAT = "dwarf-with-dsym";
				DEVELOPMENT_TEAM = 97JCY7859U;
				ENABLE_STRICT_OBJC_MSGSEND = YES;
				ENABLE_TESTABILITY = YES;
				GCC_C_LANGUAGE_STANDARD = gnu11;
				GCC_DYNAMIC_NO_PIC = NO;
				GCC_NO_COMMON_BLOCKS = YES;
				GCC_OPTIMIZATION_LEVEL = 0;
				GCC_PREPROCESSOR_DEFINITIONS = (
					"DEBUG=1",
					"$(inherited)",
				);
				GCC_WARN_64_TO_32_BIT_CONVERSION = YES;
				GCC_WARN_ABOUT_RETURN_TYPE = YES_ERROR;
				GCC_WARN_UNDECLARED_SELECTOR = YES;
				GCC_WARN_UNINITIALIZED_AUTOS = YES_AGGRESSIVE;
				GCC_WARN_UNUSED_FUNCTION = YES;
				GCC_WARN_UNUSED_VARIABLE = YES;
				IPHONEOS_DEPLOYMENT_TARGET = 14.4;
				MTL_ENABLE_DEBUG_INFO = INCLUDE_SOURCE;
				MTL_FAST_MATH = YES;
				ONLY_ACTIVE_ARCH = YES;
				OTHER_SWIFT_FLAGS = "-D DEBUG";
				SDKROOT = iphoneos;
				SWIFT_OPTIMIZATION_LEVEL = "-Onone";
			};
			name = Debug;
		};
		D17C73C227D8291D006650AF /* Release */ = {
			isa = XCBuildConfiguration;
			buildSettings = {
				ALWAYS_SEARCH_USER_PATHS = NO;
				CLANG_ANALYZER_NONNULL = YES;
				CLANG_ANALYZER_NUMBER_OBJECT_CONVERSION = YES_AGGRESSIVE;
				CLANG_CXX_LANGUAGE_STANDARD = "gnu++14";
				CLANG_CXX_LIBRARY = "libc++";
				CLANG_ENABLE_MODULES = YES;
				CLANG_ENABLE_OBJC_ARC = YES;
				CLANG_ENABLE_OBJC_WEAK = YES;
				CLANG_WARN_BLOCK_CAPTURE_AUTORELEASING = YES;
				CLANG_WARN_BOOL_CONVERSION = YES;
				CLANG_WARN_COMMA = YES;
				CLANG_WARN_CONSTANT_CONVERSION = YES;
				CLANG_WARN_DEPRECATED_OBJC_IMPLEMENTATIONS = YES;
				CLANG_WARN_DIRECT_OBJC_ISA_USAGE = YES_ERROR;
				CLANG_WARN_DOCUMENTATION_COMMENTS = YES;
				CLANG_WARN_EMPTY_BODY = YES;
				CLANG_WARN_ENUM_CONVERSION = YES;
				CLANG_WARN_INFINITE_RECURSION = YES;
				CLANG_WARN_INT_CONVERSION = YES;
				CLANG_WARN_NON_LITERAL_NULL_CONVERSION = YES;
				CLANG_WARN_OBJC_IMPLICIT_RETAIN_SELF = YES;
				CLANG_WARN_OBJC_LITERAL_CONVERSION = YES;
				CLANG_WARN_OBJC_ROOT_CLASS = YES_ERROR;
				CLANG_WARN_QUOTED_INCLUDE_IN_FRAMEWORK_HEADER = YES;
				CLANG_WARN_RANGE_LOOP_ANALYSIS = YES;
				CLANG_WARN_STRICT_PROTOTYPES = YES;
				CLANG_WARN_SUSPICIOUS_MOVE = YES;
				CLANG_WARN_UNGUARDED_AVAILABILITY = YES_AGGRESSIVE;
				CLANG_WARN_UNREACHABLE_CODE = YES;
				CLANG_WARN__DUPLICATE_METHOD_MATCH = YES;
				COPY_PHASE_STRIP = NO;
				DEBUG_INFORMATION_FORMAT = "dwarf-with-dsym";
				DEVELOPMENT_TEAM = 97JCY7859U;
				ENABLE_NS_ASSERTIONS = NO;
				ENABLE_STRICT_OBJC_MSGSEND = YES;
				GCC_C_LANGUAGE_STANDARD = gnu11;
				GCC_NO_COMMON_BLOCKS = YES;
				GCC_WARN_64_TO_32_BIT_CONVERSION = YES;
				GCC_WARN_ABOUT_RETURN_TYPE = YES_ERROR;
				GCC_WARN_UNDECLARED_SELECTOR = YES;
				GCC_WARN_UNINITIALIZED_AUTOS = YES_AGGRESSIVE;
				GCC_WARN_UNUSED_FUNCTION = YES;
				GCC_WARN_UNUSED_VARIABLE = YES;
				IPHONEOS_DEPLOYMENT_TARGET = 14.4;
				MTL_ENABLE_DEBUG_INFO = NO;
				MTL_FAST_MATH = YES;
				SDKROOT = iphoneos;
				SWIFT_COMPILATION_MODE = wholemodule;
				SWIFT_OPTIMIZATION_LEVEL = "-O";
				VALIDATE_PRODUCT = YES;
			};
			name = Release;
		};
		D17C73C427D8291D006650AF /* Debug */ = {
			isa = XCBuildConfiguration;
			baseConfigurationReference = CC58FA1A8A084A40FC763820 /* Pods-EmpowerPlant.debug.xcconfig */;
			buildSettings = {
				ASSETCATALOG_COMPILER_APPICON_NAME = AppIcon;
				ASSETCATALOG_COMPILER_GLOBAL_ACCENT_COLOR_NAME = AccentColor;
				CODE_SIGN_STYLE = Automatic;
				DEVELOPMENT_TEAM = 97JCY7859U;
				INFOPLIST_FILE = EmpowerPlant/Info.plist;
				LD_RUNPATH_SEARCH_PATHS = (
					"$(inherited)",
					"@executable_path/Frameworks",
				);
				ONLY_ACTIVE_ARCH = YES;
				PRODUCT_BUNDLE_IDENTIFIER = sentrydemos.ios.EmpowerPlant;
				PRODUCT_NAME = "$(TARGET_NAME)";
				SWIFT_VERSION = 5.0;
				TARGETED_DEVICE_FAMILY = "1,2";
			};
			name = Debug;
		};
		D17C73C527D8291D006650AF /* Release */ = {
			isa = XCBuildConfiguration;
			baseConfigurationReference = 57BE79023D12DCDCB69BA73D /* Pods-EmpowerPlant.release.xcconfig */;
			buildSettings = {
				ASSETCATALOG_COMPILER_APPICON_NAME = AppIcon;
				ASSETCATALOG_COMPILER_GLOBAL_ACCENT_COLOR_NAME = AccentColor;
				CODE_SIGN_STYLE = Automatic;
				DEVELOPMENT_TEAM = 97JCY7859U;
				INFOPLIST_FILE = EmpowerPlant/Info.plist;
				LD_RUNPATH_SEARCH_PATHS = (
					"$(inherited)",
					"@executable_path/Frameworks",
				);
				ONLY_ACTIVE_ARCH = NO;
				PRODUCT_BUNDLE_IDENTIFIER = sentrydemos.ios.EmpowerPlant;
				PRODUCT_NAME = "$(TARGET_NAME)";
				SWIFT_VERSION = 5.0;
				TARGETED_DEVICE_FAMILY = "1,2";
			};
			name = Release;
		};
/* End XCBuildConfiguration section */

/* Begin XCConfigurationList section */
		8BA3AB342A201FE900BE1EA8 /* Build configuration list for PBXNativeTarget "EmpowerPlantTests" */ = {
			isa = XCConfigurationList;
			buildConfigurations = (
				8BA3AB322A201FE900BE1EA8 /* Debug */,
				8BA3AB332A201FE900BE1EA8 /* Release */,
			);
			defaultConfigurationIsVisible = 0;
			defaultConfigurationName = Release;
		};
		D17C73AA27D8291D006650AF /* Build configuration list for PBXProject "EmpowerPlant" */ = {
			isa = XCConfigurationList;
			buildConfigurations = (
				D17C73C127D8291D006650AF /* Debug */,
				D17C73C227D8291D006650AF /* Release */,
			);
			defaultConfigurationIsVisible = 0;
			defaultConfigurationName = Release;
		};
		D17C73C327D8291D006650AF /* Build configuration list for PBXNativeTarget "EmpowerPlant" */ = {
			isa = XCConfigurationList;
			buildConfigurations = (
				D17C73C427D8291D006650AF /* Debug */,
				D17C73C527D8291D006650AF /* Release */,
			);
			defaultConfigurationIsVisible = 0;
			defaultConfigurationName = Release;
		};
/* End XCConfigurationList section */

/* Begin XCVersionGroup section */
		D15FCDA727E00F0D00258BF3 /* Model.xcdatamodeld */ = {
			isa = XCVersionGroup;
			children = (
				D15FCDA827E00F0D00258BF3 /* Model.xcdatamodel */,
			);
			currentVersion = D15FCDA827E00F0D00258BF3 /* Model.xcdatamodel */;
			path = Model.xcdatamodeld;
			sourceTree = "<group>";
			versionGroupType = wrapper.xcdatamodel;
		};
/* End XCVersionGroup section */
	};
	rootObject = D17C73A727D8291D006650AF /* Project object */;
}
